{
  "name": "store",
  "version": "0.0.2-canary.0",
  "lockfileVersion": 1,
  "requires": true,
  "dependencies": {
    "@prisma/cli": {
      "version": "2.0.0-beta.2",
      "resolved": "https://registry.npmjs.org/@prisma/cli/-/cli-2.0.0-beta.2.tgz",
      "integrity": "sha512-lD0cv/YC4g4SKByxH3hvzX1oS9cjRdCDU1Sh2inATaKcTHWPlxxgXQW4yYU2FF/HSWR9KK6YMAdO3ShkOl1PEQ==",
      "dev": true
    },
    "@prisma/client": {
      "version": "2.0.0-beta.2",
      "resolved": "https://registry.npmjs.org/@prisma/client/-/client-2.0.0-beta.2.tgz",
      "integrity": "sha512-VhNYeeGTrFfLjB/JL7XPoWpxSTCb+YV+F3ggR1X0CGa4b/u6Kxy65aElLozs+yFdMQPVNkyg2PwUO8xQ7G9fpg=="
    }
  }
}
